{
  "name": "cohparse7",
  "version": "0.0.1",
  "lockfileVersion": 1,
  "requires": true,
  "dependencies": {
    "kaitai-struct": {
      "version": "0.9.0-SNAPSHOT.1",
      "resolved": "https://registry.npmjs.org/kaitai-struct/-/kaitai-struct-0.9.0-SNAPSHOT.1.tgz",
      "integrity": "sha512-+xJH3mcSPxfxTrd+MycNaLfEtBAVeRNveKF0jW6J67wFnz6IVeG5Agki2emqWuVHMuymqWtFVJkrFRLRcbzFsQ=="
    }
  }
}
